
Microsoft Visual Studio Solution File, Format Version 12.00
# Visual Studio Version 17
VisualStudioVersion = 17.5.33424.131
MinimumVisualStudioVersion = 10.0.40219.1
Project("{FAE04EC0-301F-11D3-BF4B-00C04F79EFBC}") = "SustentacionASPNETCoreMVC", "SustentacionASPNETCoreMVC.csproj", "{C46891E8-DE65-46F5-8FA5-EE332ACE688A}"
EndProject
Global
	GlobalSection(SolutionConfigurationPlatforms) = preSolution
		Debug|Any CPU = Debug|Any CPU
		Release|Any CPU = Release|Any CPU
	EndGlobalSection
	GlobalSection(ProjectConfigurationPlatforms) = postSolution
		{C46891E8-DE65-46F5-8FA5-EE332ACE688A}.Debug|Any CPU.ActiveCfg = Debug|Any CPU
		{C46891E8-DE65-46F5-8FA5-EE332ACE688A}.Debug|Any CPU.Build.0 = Debug|Any CPU
		{C46891E8-DE65-46F5-8FA5-EE332ACE688A}.Release|Any CPU.ActiveCfg = Release|Any CPU
		{C46891E8-DE65-46F5-8FA5-EE332ACE688A}.Release|Any CPU.Build.0 = Release|Any CPU
	EndGlobalSection
	GlobalSection(SolutionProperties) = preSolution
		HideSolutionNode = FALSE
	EndGlobalSection
	GlobalSection(ExtensibilityGlobals) = postSolution
		SolutionGuid = {B382C061-EAD7-4616-9F36-BAD4002FC6B3}
	EndGlobalSection
EndGlobal
